
Microsoft Visual Studio Solution File, Format Version 12.00
# Visual Studio Version 17
VisualStudioVersion = 17.9.34701.34
MinimumVisualStudioVersion = 10.0.40219.1
Project("{FAE04EC0-301F-11D3-BF4B-00C04F79EFBC}") = "blazor_application_calcular_imc", "blazor_application_calcular_imc.csproj", "{5F176AB5-327A-4B62-8E7F-2A7DE7D81997}"
EndProject
Global
	GlobalSection(SolutionConfigurationPlatforms) = preSolution
		Debug|Any CPU = Debug|Any CPU
		Release|Any CPU = Release|Any CPU
	EndGlobalSection
	GlobalSection(ProjectConfigurationPlatforms) = postSolution
		{5F176AB5-327A-4B62-8E7F-2A7DE7D81997}.Debug|Any CPU.ActiveCfg = Debug|Any CPU
		{5F176AB5-327A-4B62-8E7F-2A7DE7D81997}.Debug|Any CPU.Build.0 = Debug|Any CPU
		{5F176AB5-327A-4B62-8E7F-2A7DE7D81997}.Release|Any CPU.ActiveCfg = Release|Any CPU
		{5F176AB5-327A-4B62-8E7F-2A7DE7D81997}.Release|Any CPU.Build.0 = Release|Any CPU
	EndGlobalSection
	GlobalSection(SolutionProperties) = preSolution
		HideSolutionNode = FALSE
	EndGlobalSection
	GlobalSection(ExtensibilityGlobals) = postSolution
		SolutionGuid = {07E10C3C-6743-47AF-8327-54D28A0CB01E}
	EndGlobalSection
EndGlobal
